
Microsoft Visual Studio Solution File, Format Version 12.00
# Visual Studio 14
VisualStudioVersion = 14.0.25420.1
MinimumVisualStudioVersion = 10.0.40219.1
Project("{FAE04EC0-301F-11D3-BF4B-00C04F79EFBC}") = "RdlObjectModel", "RdlObjectModel\RdlObjectModel.csproj", "{89180319-0D72-464F-9142-7ECBD6591978}"
EndProject
Project("{FAE04EC0-301F-11D3-BF4B-00C04F79EFBC}") = "RdlObjectModel.Tests", "RdlObjectModel.Tests\RdlObjectModel.Tests.csproj", "{64817D39-1FBC-4387-84CD-0B602F77D3B1}"
EndProject
Global
	GlobalSection(SolutionConfigurationPlatforms) = preSolution
		Debug|Any CPU = Debug|Any CPU
		Debug|x86 = Debug|x86
		Release|Any CPU = Release|Any CPU
		Release|x86 = Release|x86
	EndGlobalSection
	GlobalSection(ProjectConfigurationPlatforms) = postSolution
		{89180319-0D72-464F-9142-7ECBD6591978}.Debug|Any CPU.ActiveCfg = Debug|Any CPU
		{89180319-0D72-464F-9142-7ECBD6591978}.Debug|Any CPU.Build.0 = Debug|Any CPU
		{89180319-0D72-464F-9142-7ECBD6591978}.Debug|x86.ActiveCfg = Debug|Any CPU
		{89180319-0D72-464F-9142-7ECBD6591978}.Debug|x86.Build.0 = Debug|Any CPU
		{89180319-0D72-464F-9142-7ECBD6591978}.Release|Any CPU.ActiveCfg = Release|Any CPU
		{89180319-0D72-464F-9142-7ECBD6591978}.Release|Any CPU.Build.0 = Release|Any CPU
		{89180319-0D72-464F-9142-7ECBD6591978}.Release|x86.ActiveCfg = Release|Any CPU
		{89180319-0D72-464F-9142-7ECBD6591978}.Release|x86.Build.0 = Release|Any CPU
		{64817D39-1FBC-4387-84CD-0B602F77D3B1}.Debug|Any CPU.ActiveCfg = Debug|Any CPU
		{64817D39-1FBC-4387-84CD-0B602F77D3B1}.Debug|Any CPU.Build.0 = Debug|Any CPU
		{64817D39-1FBC-4387-84CD-0B602F77D3B1}.Debug|x86.ActiveCfg = Debug|Any CPU
		{64817D39-1FBC-4387-84CD-0B602F77D3B1}.Debug|x86.Build.0 = Debug|Any CPU
		{64817D39-1FBC-4387-84CD-0B602F77D3B1}.Release|Any CPU.ActiveCfg = Release|Any CPU
		{64817D39-1FBC-4387-84CD-0B602F77D3B1}.Release|Any CPU.Build.0 = Release|Any CPU
		{64817D39-1FBC-4387-84CD-0B602F77D3B1}.Release|x86.ActiveCfg = Release|Any CPU
		{64817D39-1FBC-4387-84CD-0B602F77D3B1}.Release|x86.Build.0 = Release|Any CPU
	EndGlobalSection
	GlobalSection(SolutionProperties) = preSolution
		HideSolutionNode = FALSE
	EndGlobalSection
EndGlobal
